{
  "name": "FormaterJson",
  "version": "1.0.0",
  "lockfileVersion": 2,
  "requires": true,
  "packages": {
    "": {
      "version": "1.0.0",
      "license": "ISC",
      "dependencies": {
        "dynamo-converters": "^5.0.1",
        "dynamodb-data-types": "^3.0.1"
      }
    },
    "node_modules/dynamo-converters": {
      "version": "5.0.1",
      "resolved": "https://registry.npmjs.org/dynamo-converters/-/dynamo-converters-5.0.1.tgz",
      "integrity": "sha512-5UtOZQyQcnTDYi9O9NNs+vQFtn5ORhBTYStqJZbe4aCbu8p7QVamEq27mNsYqcwRCixGzd3Cb+/jbxXcixiY/w==",
      "dependencies": {
        "tslib": "^2.2.0"
      },
      "engines": {
        "node": ">=12.20.1"
      }
    },
    "node_modules/dynamodb-data-types": {
      "version": "3.0.1",
      "resolved": "https://registry.npmjs.org/dynamodb-data-types/-/dynamodb-data-types-3.0.1.tgz",
      "integrity": "sha1-VWhTFXTOLhkLwnzDpYlfvzeu/KU=",
      "bin": {
        "dynamo-dt-attr-unwrap": "bin/unwrap.js",
        "dynamo-dt-attr-wrap": "bin/wrap.js"
      }
    },
    "node_modules/tslib": {
      "version": "2.2.0",
      "resolved": "https://registry.npmjs.org/tslib/-/tslib-2.2.0.tgz",
      "integrity": "sha512-gS9GVHRU+RGn5KQM2rllAlR3dU6m7AcpJKdtH8gFvQiC4Otgk98XnmMU+nZenHt/+VhnBPWwgrJsyrdcw6i23w=="
    }
  },
  "dependencies": {
    "dynamo-converters": {
      "version": "5.0.1",
      "resolved": "https://registry.npmjs.org/dynamo-converters/-/dynamo-converters-5.0.1.tgz",
      "integrity": "sha512-5UtOZQyQcnTDYi9O9NNs+vQFtn5ORhBTYStqJZbe4aCbu8p7QVamEq27mNsYqcwRCixGzd3Cb+/jbxXcixiY/w==",
      "requires": {
        "tslib": "^2.2.0"
      }
    },
    "dynamodb-data-types": {
      "version": "3.0.1",
      "resolved": "https://registry.npmjs.org/dynamodb-data-types/-/dynamodb-data-types-3.0.1.tgz",
      "integrity": "sha1-VWhTFXTOLhkLwnzDpYlfvzeu/KU="
    },
    "tslib": {
      "version": "2.2.0",
      "resolved": "https://registry.npmjs.org/tslib/-/tslib-2.2.0.tgz",
      "integrity": "sha512-gS9GVHRU+RGn5KQM2rllAlR3dU6m7AcpJKdtH8gFvQiC4Otgk98XnmMU+nZenHt/+VhnBPWwgrJsyrdcw6i23w=="
    }
  }
}
